github.com/gustionusamba24/go-say-hello v1.0.0 h1:3ozuL3L91xAwKkVzjnOix9UMNp7+hDSqV/1FmpoUdTM=
github.com/gustionusamba24/go-say-hello v1.0.0/go.mod h1:tr9ec8AITpVQEu2puTfkee8rfyooEnqUGrPR0kqnrWk=
github.com/gustionusamba24/go-say-hello v1.2.0 h1:NoGz4HYQ/wJec5BCJtxRo9YFbbHbIRYKWONY8kM9Da0=
github.com/gustionusamba24/go-say-hello v1.2.0/go.mod h1:tr9ec8AITpVQEu2puTfkee8rfyooEnqUGrPR0kqnrWk=
